
Microsoft Visual Studio Solution File, Format Version 12.00
# Visual Studio Version 17
VisualStudioVersion = 17.3.32929.385
MinimumVisualStudioVersion = 10.0.40219.1
Project("{FAE04EC0-301F-11D3-BF4B-00C04F79EFBC}") = "Class Ornegi Personel Tc Girisi", "Class Ornegi Personel Tc Girisi.csproj", "{AD242114-7A77-4E15-93DC-020B5F622ED1}"
EndProject
Global
	GlobalSection(SolutionConfigurationPlatforms) = preSolution
		Debug|Any CPU = Debug|Any CPU
		Release|Any CPU = Release|Any CPU
	EndGlobalSection
	GlobalSection(ProjectConfigurationPlatforms) = postSolution
		{AD242114-7A77-4E15-93DC-020B5F622ED1}.Debug|Any CPU.ActiveCfg = Debug|Any CPU
		{AD242114-7A77-4E15-93DC-020B5F622ED1}.Debug|Any CPU.Build.0 = Debug|Any CPU
		{AD242114-7A77-4E15-93DC-020B5F622ED1}.Release|Any CPU.ActiveCfg = Release|Any CPU
		{AD242114-7A77-4E15-93DC-020B5F622ED1}.Release|Any CPU.Build.0 = Release|Any CPU
	EndGlobalSection
	GlobalSection(SolutionProperties) = preSolution
		HideSolutionNode = FALSE
	EndGlobalSection
	GlobalSection(ExtensibilityGlobals) = postSolution
		SolutionGuid = {38599768-B409-4349-B5C5-80D17ED928A9}
	EndGlobalSection
EndGlobal
